<?xml version="1.0" encoding="utf-8"?>
<Project ToolsVersion="4.0" xmlns="http://schemas.microsoft.com/developer/msbuild/2003">
  <ItemGroup>
    <ClCompile Include="main.cpp" />
    <ClCompile Include="Math\Vector3.cpp">
      <Filter>Math</Filter>
    </ClCompile>
    <ClCompile Include="Utils\Utils.cpp">
      <Filter>Utils</Filter>
    </ClCompile>
    <ClCompile Include="ECS\Managers\CEntityManager.cpp">
      <Filter>ECS\Managers</Filter>
    </ClCompile>
  </ItemGroup>
  <ItemGroup>
    <Filter Include="Math">
      <UniqueIdentifier>{b06b6189-73c1-4c3d-8ef7-e3eb5f70c166}</UniqueIdentifier>
    </Filter>
    <Filter Include="Utils">
      <UniqueIdentifier>{26f4d7eb-fa29-4f79-a63f-e8b3d699a0dd}</UniqueIdentifier>
    </Filter>
    <Filter Include="ECS">
      <UniqueIdentifier>{2f8af601-02c2-40f5-a741-68a8038f60b9}</UniqueIdentifier>
    </Filter>
    <Filter Include="ECS\Managers">
      <UniqueIdentifier>{e2cc72b2-b0ee-4f72-9cff-fc6642371bbd}</UniqueIdentifier>
    </Filter>
  </ItemGroup>
  <ItemGroup>
    <ClInclude Include="Math\Vector3.h">
      <Filter>Math</Filter>
    </ClInclude>
    <ClInclude Include="Utils\Utils.h">
      <Filter>Utils</Filter>
    </ClInclude>
    <ClInclude Include="ECS\CEntity.h">
      <Filter>ECS</Filter>
    </ClInclude>
    <ClInclude Include="ECS\Managers\CEntityManager.h">
      <Filter>ECS\Managers</Filter>
    </ClInclude>
  </ItemGroup>
</Project>